
Microsoft Visual Studio Solution File, Format Version 12.00
# Visual Studio 15
VisualStudioVersion = 15.0.27004.2006
MinimumVisualStudioVersion = 10.0.40219.1
Project("{2150E333-8FDC-42A3-9474-1A3956D46DE8}") = "Solution Items", "Solution Items", "{0DD97A90-7519-4CF6-8D7D-72E60417A12A}"
	ProjectSection(SolutionItems) = preProject
		..\README.md = ..\README.md
	EndProjectSection
EndProject
Project("{9A19103F-16F7-4668-BE54-9A1E7A4F7556}") = "AzureEventGridSimulator", "AzureEventGridSimulator\AzureEventGridSimulator.csproj", "{EC446656-AD84-494F-90DC-125C8691319D}"
EndProject
Global
	GlobalSection(SolutionConfigurationPlatforms) = preSolution
		Debug|Any CPU = Debug|Any CPU
		Release|Any CPU = Release|Any CPU
	EndGlobalSection
	GlobalSection(ProjectConfigurationPlatforms) = postSolution
		{EC446656-AD84-494F-90DC-125C8691319D}.Debug|Any CPU.ActiveCfg = Debug|Any CPU
		{EC446656-AD84-494F-90DC-125C8691319D}.Debug|Any CPU.Build.0 = Debug|Any CPU
		{EC446656-AD84-494F-90DC-125C8691319D}.Release|Any CPU.ActiveCfg = Release|Any CPU
		{EC446656-AD84-494F-90DC-125C8691319D}.Release|Any CPU.Build.0 = Release|Any CPU
	EndGlobalSection
	GlobalSection(SolutionProperties) = preSolution
		HideSolutionNode = FALSE
	EndGlobalSection
	GlobalSection(ExtensibilityGlobals) = postSolution
		SolutionGuid = {9DD4A5C1-368F-4955-B226-2D0BEDC6EC35}
	EndGlobalSection
EndGlobal
